// !$*UTF8*$!
{
	archiveVersion = 1;
	classes = {
	};
	objectVersion = 46;
	objects = {

/* Begin PBXBuildFile section */
		222C18541DB3129600EE81F9 /* AppDelegate.swift in Sources */ = {isa = PBXBuildFile; fileRef = 222C18531DB3129600EE81F9 /* AppDelegate.swift */; };
		222C18561DB3129600EE81F9 /* CanvasController.swift in Sources */ = {isa = PBXBuildFile; fileRef = 222C18551DB3129600EE81F9 /* CanvasController.swift */; };
		222C18591DB3129600EE81F9 /* Main.storyboard in Resources */ = {isa = PBXBuildFile; fileRef = 222C18571DB3129600EE81F9 /* Main.storyboard */; };
		222C185B1DB3129600EE81F9 /* Assets.xcassets in Resources */ = {isa = PBXBuildFile; fileRef = 222C185A1DB3129600EE81F9 /* Assets.xcassets */; };
		222C185E1DB3129600EE81F9 /* LaunchScreen.storyboard in Resources */ = {isa = PBXBuildFile; fileRef = 222C185C1DB3129600EE81F9 /* LaunchScreen.storyboard */; };
		22AD3F151DB31C6300C165CF /* CanvasView.swift in Sources */ = {isa = PBXBuildFile; fileRef = 22AD3F141DB31C6300C165CF /* CanvasView.swift */; };
/* End PBXBuildFile section */

/* Begin PBXFileReference section */
		222C18501DB3129600EE81F9 /* iDesign.app */ = {isa = PBXFileReference; explicitFileType = wrapper.application; includeInIndex = 0; path = iDesign.app; sourceTree = BUILT_PRODUCTS_DIR; };
		222C18531DB3129600EE81F9 /* AppDelegate.swift */ = {isa = PBXFileReference; lastKnownFileType = sourcecode.swift; path = AppDelegate.swift; sourceTree = "<group>"; };
		222C18551DB3129600EE81F9 /* CanvasController.swift */ = {isa = PBXFileReference; lastKnownFileType = sourcecode.swift; path = CanvasController.swift; sourceTree = "<group>"; };
		222C18581DB3129600EE81F9 /* Base */ = {isa = PBXFileReference; lastKnownFileType = file.storyboard; name = Base; path = Base.lproj/Main.storyboard; sourceTree = "<group>"; };
		222C185A1DB3129600EE81F9 /* Assets.xcassets */ = {isa = PBXFileReference; lastKnownFileType = folder.assetcatalog; path = Assets.xcassets; sourceTree = "<group>"; };
		222C185D1DB3129600EE81F9 /* Base */ = {isa = PBXFileReference; lastKnownFileType = file.storyboard; name = Base; path = Base.lproj/LaunchScreen.storyboard; sourceTree = "<group>"; };
		222C185F1DB3129600EE81F9 /* Info.plist */ = {isa = PBXFileReference; lastKnownFileType = text.plist.xml; path = Info.plist; sourceTree = "<group>"; };
		22AD3F141DB31C6300C165CF /* CanvasView.swift */ = {isa = PBXFileReference; fileEncoding = 4; lastKnownFileType = sourcecode.swift; path = CanvasView.swift; sourceTree = "<group>"; };
/* End PBXFileReference section */

/* Begin PBXFrameworksBuildPhase section */
		222C184D1DB3129600EE81F9 /* Frameworks */ = {
			isa = PBXFrameworksBuildPhase;
			buildActionMask = 2147483647;
			files = (
			);
			runOnlyForDeploymentPostprocessing = 0;
		};
/* End PBXFrameworksBuildPhase section */

/* Begin PBXGroup section */
		222C18471DB3129600EE81F9 = {
			isa = PBXGroup;
			children = (
				222C18521DB3129600EE81F9 /* iDesign */,
				222C18511DB3129600EE81F9 /* Products */,
			);
			sourceTree = "<group>";
		};
		222C18511DB3129600EE81F9 /* Products */ = {
			isa = PBXGroup;
			children = (
				222C18501DB3129600EE81F9 /* iDesign.app */,
			);
			name = Products;
			sourceTree = "<group>";
		};
		222C18521DB3129600EE81F9 /* iDesign */ = {
			isa = PBXGroup;
			children = (
				222C18531DB3129600EE81F9 /* AppDelegate.swift */,
				22AD3F111DB314CE00C165CF /* Controller */,
				22AD3F131DB314DE00C165CF /* Model */,
				22AD3F121DB314D500C165CF /* View */,
				222C18571DB3129600EE81F9 /* Main.storyboard */,
				222C185A1DB3129600EE81F9 /* Assets.xcassets */,
				222C185C1DB3129600EE81F9 /* LaunchScreen.storyboard */,
				222C185F1DB3129600EE81F9 /* Info.plist */,
			);
			path = iDesign;
			sourceTree = "<group>";
		};
		22AD3F111DB314CE00C165CF /* Controller */ = {
			isa = PBXGroup;
			children = (
				222C18551DB3129600EE81F9 /* CanvasController.swift */,
			);
			name = Controller;
			sourceTree = "<group>";
		};
		22AD3F121DB314D500C165CF /* View */ = {
			isa = PBXGroup;
			children = (
				22AD3F141DB31C6300C165CF /* CanvasView.swift */,
			);
			name = View;
			sourceTree = "<group>";
		};
		22AD3F131DB314DE00C165CF /* Model */ = {
			isa = PBXGroup;
			children = (
			);
			name = Model;
			sourceTree = "<group>";
		};
/* End PBXGroup section */

/* Begin PBXNativeTarget section */
		222C184F1DB3129600EE81F9 /* iDesign */ = {
			isa = PBXNativeTarget;
			buildConfigurationList = 222C18621DB3129600EE81F9 /* Build configuration list for PBXNativeTarget "iDesign" */;
			buildPhases = (
				222C184C1DB3129600EE81F9 /* Sources */,
				222C184D1DB3129600EE81F9 /* Frameworks */,
				222C184E1DB3129600EE81F9 /* Resources */,
			);
			buildRules = (
			);
			dependencies = (
			);
			name = iDesign;
			productName = iDesign;
			productReference = 222C18501DB3129600EE81F9 /* iDesign.app */;
			productType = "com.apple.product-type.application";
		};
/* End PBXNativeTarget section */

/* Begin PBXProject section */
		222C18481DB3129600EE81F9 /* Project object */ = {
			isa = PBXProject;
			attributes = {
				LastSwiftUpdateCheck = 0800;
				LastUpgradeCheck = 0800;
				ORGANIZATIONNAME = "Kennan Mell";
				TargetAttributes = {
					222C184F1DB3129600EE81F9 = {
						CreatedOnToolsVersion = 8.0;
						DevelopmentTeam = 7AN2C295R9;
						ProvisioningStyle = Automatic;
					};
				};
			};
			buildConfigurationList = 222C184B1DB3129600EE81F9 /* Build configuration list for PBXProject "iDesign" */;
			compatibilityVersion = "Xcode 3.2";
			developmentRegion = English;
			hasScannedForEncodings = 0;
			knownRegions = (
				en,
				Base,
			);
			mainGroup = 222C18471DB3129600EE81F9;
			productRefGroup = 222C18511DB3129600EE81F9 /* Products */;
			projectDirPath = "";
			projectRoot = "";
			targets = (
				222C184F1DB3129600EE81F9 /* iDesign */,
			);
		};
/* End PBXProject section */

/* Begin PBXResourcesBuildPhase section */
		222C184E1DB3129600EE81F9 /* Resources */ = {
			isa = PBXResourcesBuildPhase;
			buildActionMask = 2147483647;
			files = (
				222C185E1DB3129600EE81F9 /* LaunchScreen.storyboard in Resources */,
				222C185B1DB3129600EE81F9 /* Assets.xcassets in Resources */,
				222C18591DB3129600EE81F9 /* Main.storyboard in Resources */,
			);
			runOnlyForDeploymentPostprocessing = 0;
		};
/* End PBXResourcesBuildPhase section */

/* Begin PBXSourcesBuildPhase section */
		222C184C1DB3129600EE81F9 /* Sources */ = {
			isa = PBXSourcesBuildPhase;
			buildActionMask = 2147483647;
			files = (
				222C18561DB3129600EE81F9 /* CanvasController.swift in Sources */,
				222C18541DB3129600EE81F9 /* AppDelegate.swift in Sources */,
				22AD3F151DB31C6300C165CF /* CanvasView.swift in Sources */,
			);
			runOnlyForDeploymentPostprocessing = 0;
		};
/* End PBXSourcesBuildPhase section */

/* Begin PBXVariantGroup section */
		222C18571DB3129600EE81F9 /* Main.storyboard */ = {
			isa = PBXVariantGroup;
			children = (
				222C18581DB3129600EE81F9 /* Base */,
			);
			name = Main.storyboard;
			sourceTree = "<group>";
		};
		222C185C1DB3129600EE81F9 /* LaunchScreen.storyboard */ = {
			isa = PBXVariantGroup;
			children = (
				222C185D1DB3129600EE81F9 /* Base */,
			);
			name = LaunchScreen.storyboard;
			sourceTree = "<group>";
		};
/* End PBXVariantGroup section */

/* Begin XCBuildConfiguration section */
		222C18601DB3129600EE81F9 /* Debug */ = {
			isa = XCBuildConfiguration;
			buildSettings = {
				ALWAYS_SEARCH_USER_PATHS = NO;
				CLANG_ANALYZER_NONNULL = YES;
				CLANG_CXX_LANGUAGE_STANDARD = "gnu++0x";
				CLANG_CXX_LIBRARY = "libc++";
				CLANG_ENABLE_MODULES = YES;
				CLANG_ENABLE_OBJC_ARC = YES;
				CLANG_WARN_BOOL_CONVERSION = YES;
				CLANG_WARN_CONSTANT_CONVERSION = YES;
				CLANG_WARN_DIRECT_OBJC_ISA_USAGE = YES_ERROR;
				CLANG_WARN_DOCUMENTATION_COMMENTS = YES;
				CLANG_WARN_EMPTY_BODY = YES;
				CLANG_WARN_ENUM_CONVERSION = YES;
				CLANG_WARN_INFINITE_RECURSION = YES;
				CLANG_WARN_INT_CONVERSION = YES;
				CLANG_WARN_OBJC_ROOT_CLASS = YES_ERROR;
				CLANG_WARN_SUSPICIOUS_MOVES = YES;
				CLANG_WARN_UNREACHABLE_CODE = YES;
				CLANG_WARN__DUPLICATE_METHOD_MATCH = YES;
				"CODE_SIGN_IDENTITY[sdk=iphoneos*]" = "iPhone Developer";
				COPY_PHASE_STRIP = NO;
				DEBUG_INFORMATION_FORMAT = dwarf;
				ENABLE_STRICT_OBJC_MSGSEND = YES;
				ENABLE_TESTABILITY = YES;
				GCC_C_LANGUAGE_STANDARD = gnu99;
				GCC_DYNAMIC_NO_PIC = NO;
				GCC_NO_COMMON_BLOCKS = YES;
				GCC_OPTIMIZATION_LEVEL = 0;
				GCC_PREPROCESSOR_DEFINITIONS = (
					"DEBUG=1",
					"$(inherited)",
				);
				GCC_WARN_64_TO_32_BIT_CONVERSION = YES;
				GCC_WARN_ABOUT_RETURN_TYPE = YES_ERROR;
				GCC_WARN_UNDECLARED_SELECTOR = YES;
				GCC_WARN_UNINITIALIZED_AUTOS = YES_AGGRESSIVE;
				GCC_WARN_UNUSED_FUNCTION = YES;
				GCC_WARN_UNUSED_VARIABLE = YES;
				IPHONEOS_DEPLOYMENT_TARGET = 10.0;
				MTL_ENABLE_DEBUG_INFO = YES;
				ONLY_ACTIVE_ARCH = YES;
				SDKROOT = iphoneos;
				SWIFT_ACTIVE_COMPILATION_CONDITIONS = DEBUG;
				SWIFT_OPTIMIZATION_LEVEL = "-Onone";
			};
			name = Debug;
		};
		222C18611DB3129600EE81F9 /* Release */ = {
			isa = XCBuildConfiguration;
			buildSettings = {
				ALWAYS_SEARCH_USER_PATHS = NO;
				CLANG_ANALYZER_NONNULL = YES;
				CLANG_CXX_LANGUAGE_STANDARD = "gnu++0x";
				CLANG_CXX_LIBRARY = "libc++";
				CLANG_ENABLE_MODULES = YES;
				CLANG_ENABLE_OBJC_ARC = YES;
				CLANG_WARN_BOOL_CONVERSION = YES;
				CLANG_WARN_CONSTANT_CONVERSION = YES;
				CLANG_WARN_DIRECT_OBJC_ISA_USAGE = YES_ERROR;
				CLANG_WARN_DOCUMENTATION_COMMENTS = YES;
				CLANG_WARN_EMPTY_BODY = YES;
				CLANG_WARN_ENUM_CONVERSION = YES;
				CLANG_WARN_INFINITE_RECURSION = YES;
				CLANG_WARN_INT_CONVERSION = YES;
				CLANG_WARN_OBJC_ROOT_CLASS = YES_ERROR;
				CLANG_WARN_SUSPICIOUS_MOVES = YES;
				CLANG_WARN_UNREACHABLE_CODE = YES;
				CLANG_WARN__DUPLICATE_METHOD_MATCH = YES;
				"CODE_SIGN_IDENTITY[sdk=iphoneos*]" = "iPhone Developer";
				COPY_PHASE_STRIP = NO;
				DEBUG_INFORMATION_FORMAT = "dwarf-with-dsym";
				ENABLE_NS_ASSERTIONS = NO;
				ENABLE_STRICT_OBJC_MSGSEND = YES;
				GCC_C_LANGUAGE_STANDARD = gnu99;
				GCC_NO_COMMON_BLOCKS = YES;
				GCC_WARN_64_TO_32_BIT_CONVERSION = YES;
				GCC_WARN_ABOUT_RETURN_TYPE = YES_ERROR;
				GCC_WARN_UNDECLARED_SELECTOR = YES;
				GCC_WARN_UNINITIALIZED_AUTOS = YES_AGGRESSIVE;
				GCC_WARN_UNUSED_FUNCTION = YES;
				GCC_WARN_UNUSED_VARIABLE = YES;
				IPHONEOS_DEPLOYMENT_TARGET = 10.0;
				MTL_ENABLE_DEBUG_INFO = NO;
				SDKROOT = iphoneos;
				SWIFT_OPTIMIZATION_LEVEL = "-Owholemodule";
				VALIDATE_PRODUCT = YES;
			};
			name = Release;
		};
		222C18631DB3129600EE81F9 /* Debug */ = {
			isa = XCBuildConfiguration;
			buildSettings = {
				ASSETCATALOG_COMPILER_APPICON_NAME = AppIcon;
				DEVELOPMENT_TEAM = 7AN2C295R9;
				INFOPLIST_FILE = iDesign/Info.plist;
				LD_RUNPATH_SEARCH_PATHS = "$(inherited) @executable_path/Frameworks";
				PRODUCT_BUNDLE_IDENTIFIER = com.kennan.iDesign;
				PRODUCT_NAME = "$(TARGET_NAME)";
				SWIFT_VERSION = 3.0;
			};
			name = Debug;
		};
		222C18641DB3129600EE81F9 /* Release */ = {
			isa = XCBuildConfiguration;
			buildSettings = {
				ASSETCATALOG_COMPILER_APPICON_NAME = AppIcon;
				DEVELOPMENT_TEAM = 7AN2C295R9;
				INFOPLIST_FILE = iDesign/Info.plist;
				LD_RUNPATH_SEARCH_PATHS = "$(inherited) @executable_path/Frameworks";
				PRODUCT_BUNDLE_IDENTIFIER = com.kennan.iDesign;
				PRODUCT_NAME = "$(TARGET_NAME)";
				SWIFT_VERSION = 3.0;
			};
			name = Release;
		};
/* End XCBuildConfiguration section */

/* Begin XCConfigurationList section */
		222C184B1DB3129600EE81F9 /* Build configuration list for PBXProject "iDesign" */ = {
			isa = XCConfigurationList;
			buildConfigurations = (
				222C18601DB3129600EE81F9 /* Debug */,
				222C18611DB3129600EE81F9 /* Release */,
			);
			defaultConfigurationIsVisible = 0;
			defaultConfigurationName = Release;
		};
		222C18621DB3129600EE81F9 /* Build configuration list for PBXNativeTarget "iDesign" */ = {
			isa = XCConfigurationList;
			buildConfigurations = (
				222C18631DB3129600EE81F9 /* Debug */,
				222C18641DB3129600EE81F9 /* Release */,
			);
			defaultConfigurationIsVisible = 0;
			defaultConfigurationName = Release;
		};
/* End XCConfigurationList section */
	};
	rootObject = 222C18481DB3129600EE81F9 /* Project object */;
}
